
Microsoft Visual Studio Solution File, Format Version 12.00
# Visual Studio Version 16
VisualStudioVersion = 16.0.29519.87
MinimumVisualStudioVersion = 10.0.40219.1
Project("{FAE04EC0-301F-11D3-BF4B-00C04F79EFBC}") = "WindowsFormsApp1", "WindowsFormsApp1.csproj", "{C4880E6A-3CBA-49E8-A345-EB470BFC2372}"
EndProject
Project("{FAE04EC0-301F-11D3-BF4B-00C04F79EFBC}") = "Vibration Sensor", "C:\Users\Administrator\Desktop\Sensor  dashboard V03.1\Sensor  dashboard V03.1\Vibration Sensor\Vibration Sensor\Vibration Sensor.csproj", "{3D260D44-087D-4CA1-9C0E-EDB7D8DEF6D1}"
EndProject
Project("{FAE04EC0-301F-11D3-BF4B-00C04F79EFBC}") = "ConsoleApp1", "..\..\ConsoleApp1\ConsoleApp1\ConsoleApp1.csproj", "{51D4A173-89BD-428E-B8F0-85ECE82B4813}"
EndProject
Global
	GlobalSection(SolutionConfigurationPlatforms) = preSolution
		Debug|Any CPU = Debug|Any CPU
		Debug|x86 = Debug|x86
		Release|Any CPU = Release|Any CPU
		Release|x86 = Release|x86
	EndGlobalSection
	GlobalSection(ProjectConfigurationPlatforms) = postSolution
		{C4880E6A-3CBA-49E8-A345-EB470BFC2372}.Debug|Any CPU.ActiveCfg = Debug|Any CPU
		{C4880E6A-3CBA-49E8-A345-EB470BFC2372}.Debug|Any CPU.Build.0 = Debug|Any CPU
		{C4880E6A-3CBA-49E8-A345-EB470BFC2372}.Debug|x86.ActiveCfg = Debug|Any CPU
		{C4880E6A-3CBA-49E8-A345-EB470BFC2372}.Debug|x86.Build.0 = Debug|Any CPU
		{C4880E6A-3CBA-49E8-A345-EB470BFC2372}.Release|Any CPU.ActiveCfg = Release|Any CPU
		{C4880E6A-3CBA-49E8-A345-EB470BFC2372}.Release|Any CPU.Build.0 = Release|Any CPU
		{C4880E6A-3CBA-49E8-A345-EB470BFC2372}.Release|x86.ActiveCfg = Release|Any CPU
		{C4880E6A-3CBA-49E8-A345-EB470BFC2372}.Release|x86.Build.0 = Release|Any CPU
		{3D260D44-087D-4CA1-9C0E-EDB7D8DEF6D1}.Debug|Any CPU.ActiveCfg = Debug|Any CPU
		{3D260D44-087D-4CA1-9C0E-EDB7D8DEF6D1}.Debug|Any CPU.Build.0 = Debug|Any CPU
		{3D260D44-087D-4CA1-9C0E-EDB7D8DEF6D1}.Debug|x86.ActiveCfg = Debug|Any CPU
		{3D260D44-087D-4CA1-9C0E-EDB7D8DEF6D1}.Debug|x86.Build.0 = Debug|Any CPU
		{3D260D44-087D-4CA1-9C0E-EDB7D8DEF6D1}.Release|Any CPU.ActiveCfg = Release|Any CPU
		{3D260D44-087D-4CA1-9C0E-EDB7D8DEF6D1}.Release|Any CPU.Build.0 = Release|Any CPU
		{3D260D44-087D-4CA1-9C0E-EDB7D8DEF6D1}.Release|x86.ActiveCfg = Release|Any CPU
		{3D260D44-087D-4CA1-9C0E-EDB7D8DEF6D1}.Release|x86.Build.0 = Release|Any CPU
		{51D4A173-89BD-428E-B8F0-85ECE82B4813}.Debug|Any CPU.ActiveCfg = Debug|Any CPU
		{51D4A173-89BD-428E-B8F0-85ECE82B4813}.Debug|Any CPU.Build.0 = Debug|Any CPU
		{51D4A173-89BD-428E-B8F0-85ECE82B4813}.Debug|x86.ActiveCfg = Debug|Any CPU
		{51D4A173-89BD-428E-B8F0-85ECE82B4813}.Debug|x86.Build.0 = Debug|Any CPU
		{51D4A173-89BD-428E-B8F0-85ECE82B4813}.Release|Any CPU.ActiveCfg = Release|Any CPU
		{51D4A173-89BD-428E-B8F0-85ECE82B4813}.Release|Any CPU.Build.0 = Release|Any CPU
		{51D4A173-89BD-428E-B8F0-85ECE82B4813}.Release|x86.ActiveCfg = Release|Any CPU
		{51D4A173-89BD-428E-B8F0-85ECE82B4813}.Release|x86.Build.0 = Release|Any CPU
	EndGlobalSection
	GlobalSection(SolutionProperties) = preSolution
		HideSolutionNode = FALSE
	EndGlobalSection
	GlobalSection(ExtensibilityGlobals) = postSolution
		SolutionGuid = {6F6143B5-64E4-4D41-8075-7CF9C541E84F}
	EndGlobalSection
EndGlobal
